
Microsoft Visual Studio Solution File, Format Version 11.00
# Visual Studio 2010
Project("{FAE04EC0-301F-11D3-BF4B-00C04F79EFBC}") = "Saloon4K", "Saloon4K\Saloon4K.csproj", "{786AF270-37EA-46AA-A9A5-2EAE99C68019}"
EndProject
Project("{FAE04EC0-301F-11D3-BF4B-00C04F79EFBC}") = "Saloon4kBLL", "Saloon4kBLL\Saloon4kBLL.csproj", "{C85398C7-C968-400E-ACA2-2FE1B3ED22AD}"
EndProject
Global
	GlobalSection(SolutionConfigurationPlatforms) = preSolution
		Debug|Any CPU = Debug|Any CPU
		Release|Any CPU = Release|Any CPU
	EndGlobalSection
	GlobalSection(ProjectConfigurationPlatforms) = postSolution
		{786AF270-37EA-46AA-A9A5-2EAE99C68019}.Debug|Any CPU.ActiveCfg = Debug|Any CPU
		{786AF270-37EA-46AA-A9A5-2EAE99C68019}.Debug|Any CPU.Build.0 = Debug|Any CPU
		{786AF270-37EA-46AA-A9A5-2EAE99C68019}.Release|Any CPU.ActiveCfg = Release|Any CPU
		{786AF270-37EA-46AA-A9A5-2EAE99C68019}.Release|Any CPU.Build.0 = Release|Any CPU
		{C85398C7-C968-400E-ACA2-2FE1B3ED22AD}.Debug|Any CPU.ActiveCfg = Debug|Any CPU
		{C85398C7-C968-400E-ACA2-2FE1B3ED22AD}.Debug|Any CPU.Build.0 = Debug|Any CPU
		{C85398C7-C968-400E-ACA2-2FE1B3ED22AD}.Release|Any CPU.ActiveCfg = Release|Any CPU
		{C85398C7-C968-400E-ACA2-2FE1B3ED22AD}.Release|Any CPU.Build.0 = Release|Any CPU
	EndGlobalSection
	GlobalSection(SolutionProperties) = preSolution
		HideSolutionNode = FALSE
	EndGlobalSection
EndGlobal
